// !$*UTF8*$!
{
	archiveVersion = 1;
	classes = {
	};
	objectVersion = 56;
	objects = {

/* Begin PBXBuildFile section */
		49C224472A6AA84B00E92B13 /* SnapKit in Frameworks */ = {isa = PBXBuildFile; productRef = 49C224462A6AA84B00E92B13 /* SnapKit */; };
		49DDC8722A6AA1EF00CC9902 /* AppDelegate.swift in Sources */ = {isa = PBXBuildFile; fileRef = 49DDC8712A6AA1EF00CC9902 /* AppDelegate.swift */; };
		49DDC8742A6AA1EF00CC9902 /* SceneDelegate.swift in Sources */ = {isa = PBXBuildFile; fileRef = 49DDC8732A6AA1EF00CC9902 /* SceneDelegate.swift */; };
		49DDC8762A6AA1EF00CC9902 /* ViewController.swift in Sources */ = {isa = PBXBuildFile; fileRef = 49DDC8752A6AA1EF00CC9902 /* ViewController.swift */; };
		49DDC8792A6AA1EF00CC9902 /* Main.storyboard in Resources */ = {isa = PBXBuildFile; fileRef = 49DDC8772A6AA1EF00CC9902 /* Main.storyboard */; };
		49DDC87B2A6AA1F000CC9902 /* Assets.xcassets in Resources */ = {isa = PBXBuildFile; fileRef = 49DDC87A2A6AA1F000CC9902 /* Assets.xcassets */; };
		49DDC87E2A6AA1F000CC9902 /* LaunchScreen.storyboard in Resources */ = {isa = PBXBuildFile; fileRef = 49DDC87C2A6AA1F000CC9902 /* LaunchScreen.storyboard */; };
		49DDC88C2A6AA4FC00CC9902 /* porshe.jpeg in Resources */ = {isa = PBXBuildFile; fileRef = 49DDC88B2A6AA4FC00CC9902 /* porshe.jpeg */; };
/* End PBXBuildFile section */

/* Begin PBXFileReference section */
		49DDC86E2A6AA1EF00CC9902 /* UIKit-lab-7.app */ = {isa = PBXFileReference; explicitFileType = wrapper.application; includeInIndex = 0; path = "UIKit-lab-7.app"; sourceTree = BUILT_PRODUCTS_DIR; };
		49DDC8712A6AA1EF00CC9902 /* AppDelegate.swift */ = {isa = PBXFileReference; lastKnownFileType = sourcecode.swift; path = AppDelegate.swift; sourceTree = "<group>"; };
		49DDC8732A6AA1EF00CC9902 /* SceneDelegate.swift */ = {isa = PBXFileReference; lastKnownFileType = sourcecode.swift; path = SceneDelegate.swift; sourceTree = "<group>"; };
		49DDC8752A6AA1EF00CC9902 /* ViewController.swift */ = {isa = PBXFileReference; lastKnownFileType = sourcecode.swift; path = ViewController.swift; sourceTree = "<group>"; };
		49DDC8782A6AA1EF00CC9902 /* Base */ = {isa = PBXFileReference; lastKnownFileType = file.storyboard; name = Base; path = Base.lproj/Main.storyboard; sourceTree = "<group>"; };
		49DDC87A2A6AA1F000CC9902 /* Assets.xcassets */ = {isa = PBXFileReference; lastKnownFileType = folder.assetcatalog; path = Assets.xcassets; sourceTree = "<group>"; };
		49DDC87D2A6AA1F000CC9902 /* Base */ = {isa = PBXFileReference; lastKnownFileType = file.storyboard; name = Base; path = Base.lproj/LaunchScreen.storyboard; sourceTree = "<group>"; };
		49DDC87F2A6AA1F000CC9902 /* Info.plist */ = {isa = PBXFileReference; lastKnownFileType = text.plist.xml; path = Info.plist; sourceTree = "<group>"; };
		49DDC88B2A6AA4FC00CC9902 /* porshe.jpeg */ = {isa = PBXFileReference; lastKnownFileType = image.jpeg; path = porshe.jpeg; sourceTree = "<group>"; };
/* End PBXFileReference section */

/* Begin PBXFrameworksBuildPhase section */
		49DDC86B2A6AA1EF00CC9902 /* Frameworks */ = {
			isa = PBXFrameworksBuildPhase;
			buildActionMask = 2147483647;
			files = (
				49C224472A6AA84B00E92B13 /* SnapKit in Frameworks */,
			);
			runOnlyForDeploymentPostprocessing = 0;
		};
/* End PBXFrameworksBuildPhase section */

/* Begin PBXGroup section */
		49DDC8652A6AA1EF00CC9902 = {
			isa = PBXGroup;
			children = (
				49DDC8702A6AA1EF00CC9902 /* UIKit-lab-7 */,
				49DDC86F2A6AA1EF00CC9902 /* Products */,
			);
			sourceTree = "<group>";
		};
		49DDC86F2A6AA1EF00CC9902 /* Products */ = {
			isa = PBXGroup;
			children = (
				49DDC86E2A6AA1EF00CC9902 /* UIKit-lab-7.app */,
			);
			name = Products;
			sourceTree = "<group>";
		};
		49DDC8702A6AA1EF00CC9902 /* UIKit-lab-7 */ = {
			isa = PBXGroup;
			children = (
				49DDC8712A6AA1EF00CC9902 /* AppDelegate.swift */,
				49DDC8732A6AA1EF00CC9902 /* SceneDelegate.swift */,
				49DDC8752A6AA1EF00CC9902 /* ViewController.swift */,
				49DDC8772A6AA1EF00CC9902 /* Main.storyboard */,
				49DDC87A2A6AA1F000CC9902 /* Assets.xcassets */,
				49DDC87C2A6AA1F000CC9902 /* LaunchScreen.storyboard */,
				49DDC87F2A6AA1F000CC9902 /* Info.plist */,
				49DDC88B2A6AA4FC00CC9902 /* porshe.jpeg */,
			);
			path = "UIKit-lab-7";
			sourceTree = "<group>";
		};
/* End PBXGroup section */

/* Begin PBXNativeTarget section */
		49DDC86D2A6AA1EF00CC9902 /* UIKit-lab-7 */ = {
			isa = PBXNativeTarget;
			buildConfigurationList = 49DDC8822A6AA1F000CC9902 /* Build configuration list for PBXNativeTarget "UIKit-lab-7" */;
			buildPhases = (
				49DDC86A2A6AA1EF00CC9902 /* Sources */,
				49DDC86B2A6AA1EF00CC9902 /* Frameworks */,
				49DDC86C2A6AA1EF00CC9902 /* Resources */,
			);
			buildRules = (
			);
			dependencies = (
			);
			name = "UIKit-lab-7";
			packageProductDependencies = (
				49C224462A6AA84B00E92B13 /* SnapKit */,
			);
			productName = "UIKit-lab-7";
			productReference = 49DDC86E2A6AA1EF00CC9902 /* UIKit-lab-7.app */;
			productType = "com.apple.product-type.application";
		};
/* End PBXNativeTarget section */

/* Begin PBXProject section */
		49DDC8662A6AA1EF00CC9902 /* Project object */ = {
			isa = PBXProject;
			attributes = {
				BuildIndependentTargetsInParallel = 1;
				LastSwiftUpdateCheck = 1400;
				LastUpgradeCheck = 1400;
				TargetAttributes = {
					49DDC86D2A6AA1EF00CC9902 = {
						CreatedOnToolsVersion = 14.0;
					};
				};
			};
			buildConfigurationList = 49DDC8692A6AA1EF00CC9902 /* Build configuration list for PBXProject "UIKit-lab-7" */;
			compatibilityVersion = "Xcode 14.0";
			developmentRegion = en;
			hasScannedForEncodings = 0;
			knownRegions = (
				en,
				Base,
			);
			mainGroup = 49DDC8652A6AA1EF00CC9902;
			packageReferences = (
				49C224452A6AA84B00E92B13 /* XCRemoteSwiftPackageReference "SnapKit" */,
			);
			productRefGroup = 49DDC86F2A6AA1EF00CC9902 /* Products */;
			projectDirPath = "";
			projectRoot = "";
			targets = (
				49DDC86D2A6AA1EF00CC9902 /* UIKit-lab-7 */,
			);
		};
/* End PBXProject section */

/* Begin PBXResourcesBuildPhase section */
		49DDC86C2A6AA1EF00CC9902 /* Resources */ = {
			isa = PBXResourcesBuildPhase;
			buildActionMask = 2147483647;
			files = (
				49DDC88C2A6AA4FC00CC9902 /* porshe.jpeg in Resources */,
				49DDC87E2A6AA1F000CC9902 /* LaunchScreen.storyboard in Resources */,
				49DDC87B2A6AA1F000CC9902 /* Assets.xcassets in Resources */,
				49DDC8792A6AA1EF00CC9902 /* Main.storyboard in Resources */,
			);
			runOnlyForDeploymentPostprocessing = 0;
		};
/* End PBXResourcesBuildPhase section */

/* Begin PBXSourcesBuildPhase section */
		49DDC86A2A6AA1EF00CC9902 /* Sources */ = {
			isa = PBXSourcesBuildPhase;
			buildActionMask = 2147483647;
			files = (
				49DDC8762A6AA1EF00CC9902 /* ViewController.swift in Sources */,
				49DDC8722A6AA1EF00CC9902 /* AppDelegate.swift in Sources */,
				49DDC8742A6AA1EF00CC9902 /* SceneDelegate.swift in Sources */,
			);
			runOnlyForDeploymentPostprocessing = 0;
		};
/* End PBXSourcesBuildPhase section */

/* Begin PBXVariantGroup section */
		49DDC8772A6AA1EF00CC9902 /* Main.storyboard */ = {
			isa = PBXVariantGroup;
			children = (
				49DDC8782A6AA1EF00CC9902 /* Base */,
			);
			name = Main.storyboard;
			sourceTree = "<group>";
		};
		49DDC87C2A6AA1F000CC9902 /* LaunchScreen.storyboard */ = {
			isa = PBXVariantGroup;
			children = (
				49DDC87D2A6AA1F000CC9902 /* Base */,
			);
			name = LaunchScreen.storyboard;
			sourceTree = "<group>";
		};
/* End PBXVariantGroup section */

/* Begin XCBuildConfiguration section */
		49DDC8802A6AA1F000CC9902 /* Debug */ = {
			isa = XCBuildConfiguration;
			buildSettings = {
				ALWAYS_SEARCH_USER_PATHS = NO;
				CLANG_ANALYZER_NONNULL = YES;
				CLANG_ANALYZER_NUMBER_OBJECT_CONVERSION = YES_AGGRESSIVE;
				CLANG_CXX_LANGUAGE_STANDARD = "gnu++20";
				CLANG_ENABLE_MODULES = YES;
				CLANG_ENABLE_OBJC_ARC = YES;
				CLANG_ENABLE_OBJC_WEAK = YES;
				CLANG_WARN_BLOCK_CAPTURE_AUTORELEASING = YES;
				CLANG_WARN_BOOL_CONVERSION = YES;
				CLANG_WARN_COMMA = YES;
				CLANG_WARN_CONSTANT_CONVERSION = YES;
				CLANG_WARN_DEPRECATED_OBJC_IMPLEMENTATIONS = YES;
				CLANG_WARN_DIRECT_OBJC_ISA_USAGE = YES_ERROR;
				CLANG_WARN_DOCUMENTATION_COMMENTS = YES;
				CLANG_WARN_EMPTY_BODY = YES;
				CLANG_WARN_ENUM_CONVERSION = YES;
				CLANG_WARN_INFINITE_RECURSION = YES;
				CLANG_WARN_INT_CONVERSION = YES;
				CLANG_WARN_NON_LITERAL_NULL_CONVERSION = YES;
				CLANG_WARN_OBJC_IMPLICIT_RETAIN_SELF = YES;
				CLANG_WARN_OBJC_LITERAL_CONVERSION = YES;
				CLANG_WARN_OBJC_ROOT_CLASS = YES_ERROR;
				CLANG_WARN_QUOTED_INCLUDE_IN_FRAMEWORK_HEADER = YES;
				CLANG_WARN_RANGE_LOOP_ANALYSIS = YES;
				CLANG_WARN_STRICT_PROTOTYPES = YES;
				CLANG_WARN_SUSPICIOUS_MOVE = YES;
				CLANG_WARN_UNGUARDED_AVAILABILITY = YES_AGGRESSIVE;
				CLANG_WARN_UNREACHABLE_CODE = YES;
				CLANG_WARN__DUPLICATE_METHOD_MATCH = YES;
				COPY_PHASE_STRIP = NO;
				DEBUG_INFORMATION_FORMAT = dwarf;
				ENABLE_STRICT_OBJC_MSGSEND = YES;
				ENABLE_TESTABILITY = YES;
				GCC_C_LANGUAGE_STANDARD = gnu11;
				GCC_DYNAMIC_NO_PIC = NO;
				GCC_NO_COMMON_BLOCKS = YES;
				GCC_OPTIMIZATION_LEVEL = 0;
				GCC_PREPROCESSOR_DEFINITIONS = (
					"DEBUG=1",
					"$(inherited)",
				);
				GCC_WARN_64_TO_32_BIT_CONVERSION = YES;
				GCC_WARN_ABOUT_RETURN_TYPE = YES_ERROR;
				GCC_WARN_UNDECLARED_SELECTOR = YES;
				GCC_WARN_UNINITIALIZED_AUTOS = YES_AGGRESSIVE;
				GCC_WARN_UNUSED_FUNCTION = YES;
				GCC_WARN_UNUSED_VARIABLE = YES;
				IPHONEOS_DEPLOYMENT_TARGET = 16.0;
				MTL_ENABLE_DEBUG_INFO = INCLUDE_SOURCE;
				MTL_FAST_MATH = YES;
				ONLY_ACTIVE_ARCH = YES;
				SDKROOT = iphoneos;
				SWIFT_ACTIVE_COMPILATION_CONDITIONS = DEBUG;
				SWIFT_OPTIMIZATION_LEVEL = "-Onone";
			};
			name = Debug;
		};
		49DDC8812A6AA1F000CC9902 /* Release */ = {
			isa = XCBuildConfiguration;
			buildSettings = {
				ALWAYS_SEARCH_USER_PATHS = NO;
				CLANG_ANALYZER_NONNULL = YES;
				CLANG_ANALYZER_NUMBER_OBJECT_CONVERSION = YES_AGGRESSIVE;
				CLANG_CXX_LANGUAGE_STANDARD = "gnu++20";
				CLANG_ENABLE_MODULES = YES;
				CLANG_ENABLE_OBJC_ARC = YES;
				CLANG_ENABLE_OBJC_WEAK = YES;
				CLANG_WARN_BLOCK_CAPTURE_AUTORELEASING = YES;
				CLANG_WARN_BOOL_CONVERSION = YES;
				CLANG_WARN_COMMA = YES;
				CLANG_WARN_CONSTANT_CONVERSION = YES;
				CLANG_WARN_DEPRECATED_OBJC_IMPLEMENTATIONS = YES;
				CLANG_WARN_DIRECT_OBJC_ISA_USAGE = YES_ERROR;
				CLANG_WARN_DOCUMENTATION_COMMENTS = YES;
				CLANG_WARN_EMPTY_BODY = YES;
				CLANG_WARN_ENUM_CONVERSION = YES;
				CLANG_WARN_INFINITE_RECURSION = YES;
				CLANG_WARN_INT_CONVERSION = YES;
				CLANG_WARN_NON_LITERAL_NULL_CONVERSION = YES;
				CLANG_WARN_OBJC_IMPLICIT_RETAIN_SELF = YES;
				CLANG_WARN_OBJC_LITERAL_CONVERSION = YES;
				CLANG_WARN_OBJC_ROOT_CLASS = YES_ERROR;
				CLANG_WARN_QUOTED_INCLUDE_IN_FRAMEWORK_HEADER = YES;
				CLANG_WARN_RANGE_LOOP_ANALYSIS = YES;
				CLANG_WARN_STRICT_PROTOTYPES = YES;
				CLANG_WARN_SUSPICIOUS_MOVE = YES;
				CLANG_WARN_UNGUARDED_AVAILABILITY = YES_AGGRESSIVE;
				CLANG_WARN_UNREACHABLE_CODE = YES;
				CLANG_WARN__DUPLICATE_METHOD_MATCH = YES;
				COPY_PHASE_STRIP = NO;
				DEBUG_INFORMATION_FORMAT = "dwarf-with-dsym";
				ENABLE_NS_ASSERTIONS = NO;
				ENABLE_STRICT_OBJC_MSGSEND = YES;
				GCC_C_LANGUAGE_STANDARD = gnu11;
				GCC_NO_COMMON_BLOCKS = YES;
				GCC_WARN_64_TO_32_BIT_CONVERSION = YES;
				GCC_WARN_ABOUT_RETURN_TYPE = YES_ERROR;
				GCC_WARN_UNDECLARED_SELECTOR = YES;
				GCC_WARN_UNINITIALIZED_AUTOS = YES_AGGRESSIVE;
				GCC_WARN_UNUSED_FUNCTION = YES;
				GCC_WARN_UNUSED_VARIABLE = YES;
				IPHONEOS_DEPLOYMENT_TARGET = 16.0;
				MTL_ENABLE_DEBUG_INFO = NO;
				MTL_FAST_MATH = YES;
				SDKROOT = iphoneos;
				SWIFT_COMPILATION_MODE = wholemodule;
				SWIFT_OPTIMIZATION_LEVEL = "-O";
				VALIDATE_PRODUCT = YES;
			};
			name = Release;
		};
		49DDC8832A6AA1F000CC9902 /* Debug */ = {
			isa = XCBuildConfiguration;
			buildSettings = {
				ASSETCATALOG_COMPILER_APPICON_NAME = AppIcon;
				ASSETCATALOG_COMPILER_GLOBAL_ACCENT_COLOR_NAME = AccentColor;
				CODE_SIGN_STYLE = Automatic;
				CURRENT_PROJECT_VERSION = 1;
				GENERATE_INFOPLIST_FILE = YES;
				INFOPLIST_FILE = "UIKit-lab-7/Info.plist";
				INFOPLIST_KEY_UIApplicationSupportsIndirectInputEvents = YES;
				INFOPLIST_KEY_UILaunchStoryboardName = LaunchScreen;
				INFOPLIST_KEY_UIMainStoryboardFile = Main;
				INFOPLIST_KEY_UISupportedInterfaceOrientations_iPad = "UIInterfaceOrientationPortrait UIInterfaceOrientationPortraitUpsideDown UIInterfaceOrientationLandscapeLeft UIInterfaceOrientationLandscapeRight";
				INFOPLIST_KEY_UISupportedInterfaceOrientations_iPhone = "UIInterfaceOrientationPortrait UIInterfaceOrientationLandscapeLeft UIInterfaceOrientationLandscapeRight";
				LD_RUNPATH_SEARCH_PATHS = (
					"$(inherited)",
					"@executable_path/Frameworks",
				);
				MARKETING_VERSION = 1.0;
				PRODUCT_BUNDLE_IDENTIFIER = "com.UIKit-lab-7";
				PRODUCT_NAME = "$(TARGET_NAME)";
				SWIFT_EMIT_LOC_STRINGS = YES;
				SWIFT_VERSION = 5.0;
				TARGETED_DEVICE_FAMILY = "1,2";
			};
			name = Debug;
		};
		49DDC8842A6AA1F000CC9902 /* Release */ = {
			isa = XCBuildConfiguration;
			buildSettings = {
				ASSETCATALOG_COMPILER_APPICON_NAME = AppIcon;
				ASSETCATALOG_COMPILER_GLOBAL_ACCENT_COLOR_NAME = AccentColor;
				CODE_SIGN_STYLE = Automatic;
				CURRENT_PROJECT_VERSION = 1;
				GENERATE_INFOPLIST_FILE = YES;
				INFOPLIST_FILE = "UIKit-lab-7/Info.plist";
				INFOPLIST_KEY_UIApplicationSupportsIndirectInputEvents = YES;
				INFOPLIST_KEY_UILaunchStoryboardName = LaunchScreen;
				INFOPLIST_KEY_UIMainStoryboardFile = Main;
				INFOPLIST_KEY_UISupportedInterfaceOrientations_iPad = "UIInterfaceOrientationPortrait UIInterfaceOrientationPortraitUpsideDown UIInterfaceOrientationLandscapeLeft UIInterfaceOrientationLandscapeRight";
				INFOPLIST_KEY_UISupportedInterfaceOrientations_iPhone = "UIInterfaceOrientationPortrait UIInterfaceOrientationLandscapeLeft UIInterfaceOrientationLandscapeRight";
				LD_RUNPATH_SEARCH_PATHS = (
					"$(inherited)",
					"@executable_path/Frameworks",
				);
				MARKETING_VERSION = 1.0;
				PRODUCT_BUNDLE_IDENTIFIER = "com.UIKit-lab-7";
				PRODUCT_NAME = "$(TARGET_NAME)";
				SWIFT_EMIT_LOC_STRINGS = YES;
				SWIFT_VERSION = 5.0;
				TARGETED_DEVICE_FAMILY = "1,2";
			};
			name = Release;
		};
/* End XCBuildConfiguration section */

/* Begin XCConfigurationList section */
		49DDC8692A6AA1EF00CC9902 /* Build configuration list for PBXProject "UIKit-lab-7" */ = {
			isa = XCConfigurationList;
			buildConfigurations = (
				49DDC8802A6AA1F000CC9902 /* Debug */,
				49DDC8812A6AA1F000CC9902 /* Release */,
			);
			defaultConfigurationIsVisible = 0;
			defaultConfigurationName = Release;
		};
		49DDC8822A6AA1F000CC9902 /* Build configuration list for PBXNativeTarget "UIKit-lab-7" */ = {
			isa = XCConfigurationList;
			buildConfigurations = (
				49DDC8832A6AA1F000CC9902 /* Debug */,
				49DDC8842A6AA1F000CC9902 /* Release */,
			);
			defaultConfigurationIsVisible = 0;
			defaultConfigurationName = Release;
		};
/* End XCConfigurationList section */

/* Begin XCRemoteSwiftPackageReference section */
		49C224452A6AA84B00E92B13 /* XCRemoteSwiftPackageReference "SnapKit" */ = {
			isa = XCRemoteSwiftPackageReference;
			repositoryURL = "https://github.com/SnapKit/SnapKit";
			requirement = {
				kind = upToNextMajorVersion;
				minimumVersion = 5.0.0;
			};
		};
/* End XCRemoteSwiftPackageReference section */

/* Begin XCSwiftPackageProductDependency section */
		49C224462A6AA84B00E92B13 /* SnapKit */ = {
			isa = XCSwiftPackageProductDependency;
			package = 49C224452A6AA84B00E92B13 /* XCRemoteSwiftPackageReference "SnapKit" */;
			productName = SnapKit;
		};
/* End XCSwiftPackageProductDependency section */
	};
	rootObject = 49DDC8662A6AA1EF00CC9902 /* Project object */;
}
